{
  "name": "progressiveimmersion",
  "version": "1.0.0",
  "lockfileVersion": 1,
  "requires": true,
  "dependencies": {
    "webextension-polyfill": {
      "version": "0.7.0",
      "resolved": "https://registry.npmjs.org/webextension-polyfill/-/webextension-polyfill-0.7.0.tgz",
      "integrity": "sha512-su48BkMLxqzTTvPSE1eWxKToPS2Tv5DLGxKexLEVpwFd6Po6N8hhSLIvG6acPAg7qERoEaDL+Y5HQJeJeml5Aw==",
      "dev": true
    }
  }
}
